
Microsoft Visual Studio Solution File, Format Version 12.00
# Visual Studio 15
VisualStudioVersion = 15.0.28010.2019
MinimumVisualStudioVersion = 10.0.40219.1
Project("{9A19103F-16F7-4668-BE54-9A1E7A4F7556}") = "DemoChat", "DemoChat\DemoChat.csproj", "{0D93DFFA-01EE-4303-BB60-39E720DE9205}"
EndProject
Project("{FAE04EC0-301F-11D3-BF4B-00C04F79EFBC}") = "ChatApiClient", "ChatApiClient\ChatApiClient.csproj", "{2DAF73DA-CB64-423F-A288-2AB75EF02CD4}"
EndProject
Global
	GlobalSection(SolutionConfigurationPlatforms) = preSolution
		Debug|Any CPU = Debug|Any CPU
		Release|Any CPU = Release|Any CPU
	EndGlobalSection
	GlobalSection(ProjectConfigurationPlatforms) = postSolution
		{0D93DFFA-01EE-4303-BB60-39E720DE9205}.Debug|Any CPU.ActiveCfg = Debug|Any CPU
		{0D93DFFA-01EE-4303-BB60-39E720DE9205}.Debug|Any CPU.Build.0 = Debug|Any CPU
		{0D93DFFA-01EE-4303-BB60-39E720DE9205}.Release|Any CPU.ActiveCfg = Release|Any CPU
		{0D93DFFA-01EE-4303-BB60-39E720DE9205}.Release|Any CPU.Build.0 = Release|Any CPU
		{2DAF73DA-CB64-423F-A288-2AB75EF02CD4}.Debug|Any CPU.ActiveCfg = Debug|Any CPU
		{2DAF73DA-CB64-423F-A288-2AB75EF02CD4}.Debug|Any CPU.Build.0 = Debug|Any CPU
		{2DAF73DA-CB64-423F-A288-2AB75EF02CD4}.Release|Any CPU.ActiveCfg = Release|Any CPU
		{2DAF73DA-CB64-423F-A288-2AB75EF02CD4}.Release|Any CPU.Build.0 = Release|Any CPU
	EndGlobalSection
	GlobalSection(SolutionProperties) = preSolution
		HideSolutionNode = FALSE
	EndGlobalSection
	GlobalSection(ExtensibilityGlobals) = postSolution
		SolutionGuid = {DA4692F5-2EAE-4A58-806A-867887C6A8E4}
	EndGlobalSection
EndGlobal
